
Microsoft Visual Studio Solution File, Format Version 12.00
# Visual Studio Version 17
VisualStudioVersion = 17.0.31903.59
MinimumVisualStudioVersion = 10.0.40219.1
Project("{FAE04EC0-301F-11D3-BF4B-00C04F79EFBC}") = "number-match-solver", "number-match-solver.csproj", "{40504C32-4E52-45BB-B99B-2189B512519F}"
EndProject
Global
	GlobalSection(SolutionConfigurationPlatforms) = preSolution
		Debug|Any CPU = Debug|Any CPU
		Release|Any CPU = Release|Any CPU
	EndGlobalSection
	GlobalSection(SolutionProperties) = preSolution
		HideSolutionNode = FALSE
	EndGlobalSection
	GlobalSection(ProjectConfigurationPlatforms) = postSolution
		{40504C32-4E52-45BB-B99B-2189B512519F}.Debug|Any CPU.ActiveCfg = Debug|Any CPU
		{40504C32-4E52-45BB-B99B-2189B512519F}.Debug|Any CPU.Build.0 = Debug|Any CPU
		{40504C32-4E52-45BB-B99B-2189B512519F}.Release|Any CPU.ActiveCfg = Release|Any CPU
		{40504C32-4E52-45BB-B99B-2189B512519F}.Release|Any CPU.Build.0 = Release|Any CPU
	EndGlobalSection
EndGlobal
